
Microsoft Visual Studio Solution File, Format Version 12.00
# Visual Studio Version 17
VisualStudioVersion = 17.13.35931.197
MinimumVisualStudioVersion = 10.0.40219.1
Project("{FAE04EC0-301F-11D3-BF4B-00C04F79EFBC}") = "RisckTrack.WEB", "RisckTrack.WEB\RisckTrack.WEB.csproj", "{8A32039E-998D-476E-B995-680C20B57421}"
EndProject
Global
	GlobalSection(SolutionConfigurationPlatforms) = preSolution
		Debug|Any CPU = Debug|Any CPU
		Release|Any CPU = Release|Any CPU
	EndGlobalSection
	GlobalSection(ProjectConfigurationPlatforms) = postSolution
		{8A32039E-998D-476E-B995-680C20B57421}.Debug|Any CPU.ActiveCfg = Debug|Any CPU
		{8A32039E-998D-476E-B995-680C20B57421}.Debug|Any CPU.Build.0 = Debug|Any CPU
		{8A32039E-998D-476E-B995-680C20B57421}.Release|Any CPU.ActiveCfg = Release|Any CPU
		{8A32039E-998D-476E-B995-680C20B57421}.Release|Any CPU.Build.0 = Release|Any CPU
	EndGlobalSection
	GlobalSection(SolutionProperties) = preSolution
		HideSolutionNode = FALSE
	EndGlobalSection
	GlobalSection(ExtensibilityGlobals) = postSolution
		SolutionGuid = {0E773545-DD34-464C-AC45-5A90CFF4B562}
	EndGlobalSection
EndGlobal
